
Microsoft Visual Studio Solution File, Format Version 12.00
# Visual Studio Version 16
VisualStudioVersion = 16.0.31702.278
MinimumVisualStudioVersion = 10.0.40219.1
Project("{FAE04EC0-301F-11D3-BF4B-00C04F79EFBC}") = "ConsoleSOLID_0", "ConsoleSOLID_0\ConsoleSOLID_0.csproj", "{308E3DFC-1A11-48F7-AB51-D1FD0B002465}"
EndProject
Global
	GlobalSection(SolutionConfigurationPlatforms) = preSolution
		Debug|Any CPU = Debug|Any CPU
		Release|Any CPU = Release|Any CPU
	EndGlobalSection
	GlobalSection(ProjectConfigurationPlatforms) = postSolution
		{308E3DFC-1A11-48F7-AB51-D1FD0B002465}.Debug|Any CPU.ActiveCfg = Debug|Any CPU
		{308E3DFC-1A11-48F7-AB51-D1FD0B002465}.Debug|Any CPU.Build.0 = Debug|Any CPU
		{308E3DFC-1A11-48F7-AB51-D1FD0B002465}.Release|Any CPU.ActiveCfg = Release|Any CPU
		{308E3DFC-1A11-48F7-AB51-D1FD0B002465}.Release|Any CPU.Build.0 = Release|Any CPU
	EndGlobalSection
	GlobalSection(SolutionProperties) = preSolution
		HideSolutionNode = FALSE
	EndGlobalSection
	GlobalSection(ExtensibilityGlobals) = postSolution
		SolutionGuid = {7600C3C9-51B3-4428-A5AF-A8BB93C9ABC3}
	EndGlobalSection
EndGlobal
